
Microsoft Visual Studio Solution File, Format Version 12.00
# Visual Studio Version 16
VisualStudioVersion = 16.0.32929.386
MinimumVisualStudioVersion = 10.0.40219.1
Project("{FAE04EC0-301F-11D3-BF4B-00C04F79EFBC}") = "LibraryManagement", "LibraryManagement\LibraryManagement.csproj", "{28DC9F64-5582-466F-985C-1CCEA4224BCF}"
EndProject
Global
	GlobalSection(SolutionConfigurationPlatforms) = preSolution
		Debug|Any CPU = Debug|Any CPU
		Release|Any CPU = Release|Any CPU
	EndGlobalSection
	GlobalSection(ProjectConfigurationPlatforms) = postSolution
		{28DC9F64-5582-466F-985C-1CCEA4224BCF}.Debug|Any CPU.ActiveCfg = Debug|Any CPU
		{28DC9F64-5582-466F-985C-1CCEA4224BCF}.Debug|Any CPU.Build.0 = Debug|Any CPU
		{28DC9F64-5582-466F-985C-1CCEA4224BCF}.Release|Any CPU.ActiveCfg = Release|Any CPU
		{28DC9F64-5582-466F-985C-1CCEA4224BCF}.Release|Any CPU.Build.0 = Release|Any CPU
	EndGlobalSection
	GlobalSection(SolutionProperties) = preSolution
		HideSolutionNode = FALSE
	EndGlobalSection
	GlobalSection(ExtensibilityGlobals) = postSolution
		SolutionGuid = {D12E8693-13ED-4850-8512-9E7CC5E60527}
	EndGlobalSection
EndGlobal
